<?xml version="1.0" encoding="utf-8"?>
<Project ToolsVersion="4.0" xmlns="http://schemas.microsoft.com/developer/msbuild/2003">
  <ItemGroup>
    <Filter Include="소스 파일">
      <UniqueIdentifier>{4FC737F1-C7A5-4376-A066-2A32D752A2FF}</UniqueIdentifier>
      <Extensions>cpp;c;cc;cxx;c++;cppm;ixx;def;odl;idl;hpj;bat;asm;asmx</Extensions>
    </Filter>
    <Filter Include="헤더 파일">
      <UniqueIdentifier>{93995380-89BD-4b04-88EB-625FBE52EBFB}</UniqueIdentifier>
      <Extensions>h;hh;hpp;hxx;h++;hm;inl;inc;ipp;xsd</Extensions>
    </Filter>
    <Filter Include="리소스 파일">
      <UniqueIdentifier>{67DA6AB6-F800-4c08-8B7A-83BB121AAD01}</UniqueIdentifier>
      <Extensions>rc;ico;cur;bmp;dlg;rc2;rct;bin;rgs;gif;jpg;jpeg;jpe;resx;tiff;tif;png;wav;mfcribbon-ms</Extensions>
    </Filter>
    <Filter Include="Models">
      <UniqueIdentifier>{A1B2C3D4-0001-0001-0001-000000000001}</UniqueIdentifier>
    </Filter>
    <Filter Include="Persistence">
      <UniqueIdentifier>{A1B2C3D4-0002-0002-0002-000000000002}</UniqueIdentifier>
    </Filter>
    <Filter Include="Repositories">
      <UniqueIdentifier>{A1B2C3D4-0003-0003-0003-000000000003}</UniqueIdentifier>
    </Filter>
    <Filter Include="Services">
      <UniqueIdentifier>{A1B2C3D4-0004-0004-0004-000000000004}</UniqueIdentifier>
    </Filter>
    <Filter Include="Views">
      <UniqueIdentifier>{A1B2C3D4-0005-0005-0005-000000000005}</UniqueIdentifier>
    </Filter>
    <Filter Include="Controllers">
      <UniqueIdentifier>{A1B2C3D4-0006-0006-0006-000000000006}</UniqueIdentifier>
    </Filter>
  </ItemGroup>
  <ItemGroup>
    <ClCompile Include="main.cpp">
      <Filter>소스 파일</Filter>
    </ClCompile>
    <ClCompile Include="Persistence\DataPersistence.cpp">
      <Filter>Persistence</Filter>
    </ClCompile>
  </ItemGroup>
  <ItemGroup>
    <ClInclude Include="Persistence\DataPersistence.h">
      <Filter>Persistence</Filter>
    </ClInclude>
    <ClInclude Include="Repositories\InventoryRepository.h">
      <Filter>Repositories</Filter>
    </ClInclude>
    <ClInclude Include="Repositories\OrderRepository.h">
      <Filter>Repositories</Filter>
    </ClInclude>
    <ClInclude Include="Repositories\ProductionQueueRepository.h">
      <Filter>Repositories</Filter>
    </ClInclude>
  </ItemGroup>
  <ItemGroup>
    <ClCompile Include="Repositories\InventoryRepository.cpp">
      <Filter>Repositories</Filter>
    </ClCompile>
    <ClCompile Include="Repositories\OrderRepository.cpp">
      <Filter>Repositories</Filter>
    </ClCompile>
    <ClCompile Include="Repositories\ProductionQueueRepository.cpp">
      <Filter>Repositories</Filter>
    </ClCompile>
    <ClCompile Include="Services\InventoryService.cpp">
      <Filter>Services</Filter>
    </ClCompile>
    <ClCompile Include="Services\OrderService.cpp">
      <Filter>Services</Filter>
    </ClCompile>
    <ClCompile Include="Services\ProductionService.cpp">
      <Filter>Services</Filter>
    </ClCompile>
  </ItemGroup>
  <ItemGroup>
    <ClInclude Include="Services\InventoryService.h">
      <Filter>Services</Filter>
    </ClInclude>
    <ClInclude Include="Services\OrderService.h">
      <Filter>Services</Filter>
    </ClInclude>
    <ClInclude Include="Services\ProductionService.h">
      <Filter>Services</Filter>
    </ClInclude>
    <ClInclude Include="Views\MainMenuView.h">
      <Filter>Views</Filter>
    </ClInclude>
    <ClInclude Include="Views\SampleView.h">
      <Filter>Views</Filter>
    </ClInclude>
    <ClInclude Include="Views\OrderView.h">
      <Filter>Views</Filter>
    </ClInclude>
    <ClInclude Include="Views\MonitoringView.h">
      <Filter>Views</Filter>
    </ClInclude>
    <ClInclude Include="Views\ProductionView.h">
      <Filter>Views</Filter>
    </ClInclude>
  </ItemGroup>
  <ItemGroup>
    <ClCompile Include="Views\MainMenuView.cpp">
      <Filter>Views</Filter>
    </ClCompile>
    <ClCompile Include="Views\SampleView.cpp">
      <Filter>Views</Filter>
    </ClCompile>
    <ClCompile Include="Views\OrderView.cpp">
      <Filter>Views</Filter>
    </ClCompile>
    <ClCompile Include="Views\MonitoringView.cpp">
      <Filter>Views</Filter>
    </ClCompile>
    <ClCompile Include="Views\ProductionView.cpp">
      <Filter>Views</Filter>
    </ClCompile>
    <ClCompile Include="Controllers\SampleController.cpp">
      <Filter>Controllers</Filter>
    </ClCompile>
    <ClCompile Include="Controllers\OrderController.cpp">
      <Filter>Controllers</Filter>
    </ClCompile>
    <ClCompile Include="Controllers\MonitoringController.cpp">
      <Filter>Controllers</Filter>
    </ClCompile>
    <ClCompile Include="Controllers\ProductionController.cpp">
      <Filter>Controllers</Filter>
    </ClCompile>
    <ClCompile Include="Controllers\AppController.cpp">
      <Filter>Controllers</Filter>
    </ClCompile>
  </ItemGroup>
  <ItemGroup>
    <ClInclude Include="Controllers\SampleController.h">
      <Filter>Controllers</Filter>
    </ClInclude>
    <ClInclude Include="Controllers\OrderController.h">
      <Filter>Controllers</Filter>
    </ClInclude>
    <ClInclude Include="Controllers\MonitoringController.h">
      <Filter>Controllers</Filter>
    </ClInclude>
    <ClInclude Include="Controllers\ProductionController.h">
      <Filter>Controllers</Filter>
    </ClInclude>
    <ClInclude Include="Controllers\AppController.h">
      <Filter>Controllers</Filter>
    </ClInclude>
  </ItemGroup>
  <ItemGroup>
    <ClInclude Include="Models\Enums.h">
      <Filter>Models</Filter>
    </ClInclude>
    <ClInclude Include="Models\SampleItem.h">
      <Filter>Models</Filter>
    </ClInclude>
    <ClInclude Include="Models\InventoryItem.h">
      <Filter>Models</Filter>
    </ClInclude>
    <ClInclude Include="Models\Order.h">
      <Filter>Models</Filter>
    </ClInclude>
    <ClInclude Include="Models\ProductionQueueItem.h">
      <Filter>Models</Filter>
    </ClInclude>
  </ItemGroup>
</Project>
